
Microsoft Visual Studio Solution File, Format Version 12.00
# Visual Studio Version 16
VisualStudioVersion = 16.0.30503.244
MinimumVisualStudioVersion = 10.0.40219.1
Project("{FAE04EC0-301F-11D3-BF4B-00C04F79EFBC}") = "MiMFa Substitude", "MiMFa Substitute\MiMFa Substitude.csproj", "{053837C1-1568-4DB2-8853-49481F6DA07D}"
EndProject
Global
	GlobalSection(SolutionConfigurationPlatforms) = preSolution
		Debug|Any CPU = Debug|Any CPU
		Release|Any CPU = Release|Any CPU
	EndGlobalSection
	GlobalSection(ProjectConfigurationPlatforms) = postSolution
		{053837C1-1568-4DB2-8853-49481F6DA07D}.Debug|Any CPU.ActiveCfg = Debug|Any CPU
		{053837C1-1568-4DB2-8853-49481F6DA07D}.Debug|Any CPU.Build.0 = Debug|Any CPU
		{053837C1-1568-4DB2-8853-49481F6DA07D}.Release|Any CPU.ActiveCfg = Release|Any CPU
		{053837C1-1568-4DB2-8853-49481F6DA07D}.Release|Any CPU.Build.0 = Release|Any CPU
	EndGlobalSection
	GlobalSection(SolutionProperties) = preSolution
		HideSolutionNode = FALSE
	EndGlobalSection
	GlobalSection(ExtensibilityGlobals) = postSolution
		SolutionGuid = {329686AF-8DD2-4EB5-8C4C-32DCC5937CB2}
	EndGlobalSection
EndGlobal
